
Microsoft Visual Studio Solution File, Format Version 12.00
# Visual Studio Version 17
VisualStudioVersion = 17.8.34309.116
MinimumVisualStudioVersion = 10.0.40219.1
Project("{FAE04EC0-301F-11D3-BF4B-00C04F79EFBC}") = "Adapter", "Adapter\Adapter.csproj", "{11B267DB-A1E8-4ECC-AC2C-688170421FF9}"
EndProject
Global
	GlobalSection(SolutionConfigurationPlatforms) = preSolution
		Debug|Any CPU = Debug|Any CPU
		Release|Any CPU = Release|Any CPU
	EndGlobalSection
	GlobalSection(ProjectConfigurationPlatforms) = postSolution
		{11B267DB-A1E8-4ECC-AC2C-688170421FF9}.Debug|Any CPU.ActiveCfg = Debug|Any CPU
		{11B267DB-A1E8-4ECC-AC2C-688170421FF9}.Debug|Any CPU.Build.0 = Debug|Any CPU
		{11B267DB-A1E8-4ECC-AC2C-688170421FF9}.Release|Any CPU.ActiveCfg = Release|Any CPU
		{11B267DB-A1E8-4ECC-AC2C-688170421FF9}.Release|Any CPU.Build.0 = Release|Any CPU
	EndGlobalSection
	GlobalSection(SolutionProperties) = preSolution
		HideSolutionNode = FALSE
	EndGlobalSection
	GlobalSection(ExtensibilityGlobals) = postSolution
		SolutionGuid = {683EAC0B-BDF2-409E-A94A-6C0234DA8CAA}
	EndGlobalSection
EndGlobal
